github.com/andybalholm/brotli v1.0.5 h1:8uQZIHeNiigqtXgLSEwMyAhCUlLMKJPqEZQQmReJ0I=
github.com/andybalholm/brotli v1.0.5/go.mod h1:fO7iQkxvrX60ojCNOPY1p9cFRkIDfRinVGVNOWqvP8=
github.com/cespare/xxhash/v2 v2.2.0 h1:DC2AtWo0Z1SqJt5Q5amglA0xhP+/eGBJHBg9bkq1Fc=
github.com/cespare/xxhash/v2 v2.2.0/go.mod h1:VGX0DQ3Q6Gist3IlvfomW0DPU4TSiin0Jz6MghiAZA=
github.com/dgryski/go-rendezvous v0.0.0-20200823014737-9f7001d12a5f h1:lO4WD4F/rVNCu3HqOOumwupcTKk0XUwHfELMht75s8=
github.com/dgryski/go-rendezvous v0.0.0-20200823014737-9f7001d12a5f/go.mod h1:cuUVRXasLTGGstPUEKpENj34lS/qh2+j6X9M+zCMVQ=
github.com/gofiber/fiber/v2 v2.52.5 h1:gktsuWP5i8Fzr+ggzHd9RK1OK8D8fQXCScba7SZOc=
github.com/gofiber/fiber/v2 v2.52.5/go.mod h1:KEOE+cXgKJsqHbHjxMaY4rkiR21ZOGO7RPXDtWQCQ=
github.com/google/uuid v1.5.0 h1:1mLB0tZ05HA8PmLIAgtVEBAGUsTAqfyF8loylWXiRI=
github.com/google/uuid v1.5.0/go.mod h1:TIyPZe4MgqvfeYDBFedMoGkdin5aG0using2O7ySME4=
github.com/jackc/pgpassfile v1.0.0 h1:/6Hmqy13Ss2zCq62VdStW70/RJTVhwIMZwVLfstWA4=
github.com/jackc/pgpassfile v1.0.0/go.mod h1:CEx0iS5ambNFdcRtxPj5JhEMceSZM7B8n2z2Y2y0AA=
github.com/jackc/pgservicefile v0.0.0-20221227161230-091c0ba34f0a h1:bbPeKD0xmW/UEqn2MEqvZfseviBMsL7jvkv2KKIZxU=
github.com/jackc/pgservicefile v0.0.0-20221227161230-091c0ba34f0a/go.mod h1:5yOLx7Vch/zsi2E3Uzchat6CI/V50Ea/2Y04DjRVnA=
github.com/jackc/pgx/v5 v5.6.0 h1:SWJzG6ICP15rPU0MJcjnmVy98RJB/ptclrabilQe7A=
github.com/jackc/pgx/v5 v5.6.0/go.mod h1:Ot+o+2xSG+hue2+JeB3+lNPtM82jBa2i9Jx3ucJpA=
github.com/jackc/puddle/v2 v2.2.1 h1:RhxXJtFG022u4ibrCSMSiu5aOY1dub+zxceI8G+BUU=
github.com/jackc/puddle/v2 v2.2.1/go.mod h1:vriiEXLvEL2z6SPNVWc5YBq8/v1halUV7mWijND6bA=
github.com/joho/godotenv v1.5.1 h1:7P4SfwW306KqwW0t/EM4B7H2F/rrq1Z0pKx93cC9Fo=
github.com/joho/godotenv v1.5.1/go.mod h1:f4LDr5Voq0i2e/R5DDNOoa2zzDfwtkZa49PnSb6ZA=
github.com/klauspost/compress v1.16.7 h1:2mk3MPGNzKyYdM8OyhlqQcZrxycHrTwrHKrqomYLYA=
github.com/klauspost/compress v1.16.7/go.mod h1:ntbaceM547FSDcGrjgQ3H6QabL1EtdW8Ew4GDDuP1M=
github.com/mattn/go-colorable v0.1.13 h1:fFA4WZxvqiGlVlr/wepa9BaW7UVgraQm0ff+E+NmNE=
github.com/mattn/go-colorable v0.1.13/go.mod h1:7S9/ev0klgBolVqntgzlU3E+OZ+7cAe5nhxEJwIUUS=
github.com/mattn/go-isatty v0.0.20 h1:W+V8u91a9LS5D3FrseJz+q5OVzQn69m6K+wdkuv5x4=
github.com/mattn/go-isatty v0.0.20/go.mod h1:W+V8u91a9LS5D3FrseJz+q5OVzQn69m6K+wdkuv5x4=
github.com/redis/go-redis/v9 v9.5.3 h1:lXOwM/AHD+bl8w7VftGwTLx1T0qoPja7hRA8GwWzYo=
github.com/redis/go-redis/v9 v9.5.3/go.mod h1:hdY0cQFCN4fnSYkBAXbJtT7zV119qQl9Lcs7dJiELo=
github.com/valyala/bytebufferpool v1.0.0 h1:GqA5TC/0021Y+tlRKfTJKlMFlhtm/5JloDIQI4mdkA=
github.com/valyala/bytebufferpool v1.0.0/go.mod h1:6bBcMArwyJ5FlCeJkqS3bLjAZaC2aPH1KsrZUAJ/gE=
github.com/valyala/fasthttp v1.51.0 h1:8b30A5JlZ6C7AS81RsWjYMQmrZG6faxgzOUtGOKYkA=
github.com/valyala/fasthttp v1.51.0/go.mod h1:oKlwo5bCbiLnwXew3UPUhu+Axon2W2MylzMLohvJSg=
github.com/valyala/tcplisten v1.0.0 h1:rBHj/Xf+E1tPaKLAKCnd+N313fabric+lHj4uymorfQ=
github.com/valyala/tcplisten v1.0.0/go.mod h1:5LS6F+HqSEEZCcjzlgNfq3MD0/PV/8+sPQWQRJk/Y=
golang.org/x/crypto v0.23.0 h1:dIJU/v2J8DwSoQ2YP5KwJWt3d8CN3Y5nH+v3IipWnw=
golang.org/x/crypto v0.23.0/go.mod h1:CKFgDieR+mRhIzBFSVqQ7EU+V+e128evj37dq+kx8c=
golang.org/x/sync v0.7.0 h1:BZgAtX9f+q3Sc4MIWxtgFj15qm65teQSwRERErvSIg=
golang.org/x/sync v0.7.0/go.mod h1:Czt+wKu+jkqNcPqkMUPOtPd7lVduVa0+rvUkyMsKsr=
golang.org/x/sys v0.20.0 h1:Od9JZweVLVc8q41tVaxcvUcat5Fova3happzskFSUc=
golang.org/x/sys v0.20.0/go.mod h1:/VUhepilMQE9ZqwqwzCL+Ffc7ofAat1McobqjEaJsE=
golang.org/x/text v0.15.0 h1:frVn1UL+luyIw+N5+JYI1swGpE3p9FZX7XttJcDUQ=
golang.org/x/text v0.15.0/go.mod h1:4ChreQoLWfG3xLDer1WdlH5NdFM3CgovNmxmxMro+c=
